
Microsoft Visual Studio Solution File, Format Version 12.00
# Visual Studio Version 17
VisualStudioVersion = 17.7.34024.191
MinimumVisualStudioVersion = 10.0.40219.1
Project("{FAE04EC0-301F-11D3-BF4B-00C04F79EFBC}") = "CircusTrein", "CircusTrein\CircusTrein.csproj", "{8E920DBD-5759-4CCB-B6B5-0EFD4018CDE5}"
EndProject
Global
	GlobalSection(SolutionConfigurationPlatforms) = preSolution
		Debug|Any CPU = Debug|Any CPU
		Release|Any CPU = Release|Any CPU
	EndGlobalSection
	GlobalSection(ProjectConfigurationPlatforms) = postSolution
		{8E920DBD-5759-4CCB-B6B5-0EFD4018CDE5}.Debug|Any CPU.ActiveCfg = Debug|Any CPU
		{8E920DBD-5759-4CCB-B6B5-0EFD4018CDE5}.Debug|Any CPU.Build.0 = Debug|Any CPU
		{8E920DBD-5759-4CCB-B6B5-0EFD4018CDE5}.Release|Any CPU.ActiveCfg = Release|Any CPU
		{8E920DBD-5759-4CCB-B6B5-0EFD4018CDE5}.Release|Any CPU.Build.0 = Release|Any CPU
	EndGlobalSection
	GlobalSection(SolutionProperties) = preSolution
		HideSolutionNode = FALSE
	EndGlobalSection
	GlobalSection(ExtensibilityGlobals) = postSolution
		SolutionGuid = {B02E4975-F6EE-4446-8BB5-E19691B4326A}
	EndGlobalSection
EndGlobal
